
Microsoft Visual Studio Solution File, Format Version 12.00
# Visual Studio Version 17
VisualStudioVersion = 17.1.32210.238
MinimumVisualStudioVersion = 10.0.40219.1
Project("{FAE04EC0-301F-11D3-BF4B-00C04F79EFBC}") = "Jenkins", "Jenkins\Jenkins.csproj", "{AF12520D-49D2-478C-B627-7E06D7E3ED3E}"
EndProject
Global
	GlobalSection(SolutionConfigurationPlatforms) = preSolution
		Debug|Any CPU = Debug|Any CPU
		Release|Any CPU = Release|Any CPU
	EndGlobalSection
	GlobalSection(ProjectConfigurationPlatforms) = postSolution
		{AF12520D-49D2-478C-B627-7E06D7E3ED3E}.Debug|Any CPU.ActiveCfg = Debug|Any CPU
		{AF12520D-49D2-478C-B627-7E06D7E3ED3E}.Debug|Any CPU.Build.0 = Debug|Any CPU
		{AF12520D-49D2-478C-B627-7E06D7E3ED3E}.Release|Any CPU.ActiveCfg = Release|Any CPU
		{AF12520D-49D2-478C-B627-7E06D7E3ED3E}.Release|Any CPU.Build.0 = Release|Any CPU
	EndGlobalSection
	GlobalSection(SolutionProperties) = preSolution
		HideSolutionNode = FALSE
	EndGlobalSection
	GlobalSection(ExtensibilityGlobals) = postSolution
		SolutionGuid = {1A54C6CE-4F9D-486D-B657-F935A52FE495}
	EndGlobalSection
EndGlobal
